
Microsoft Visual Studio Solution File, Format Version 12.00
# Visual Studio Version 17
VisualStudioVersion = 17.7.34031.279
MinimumVisualStudioVersion = 10.0.40219.1
Project("{FAE04EC0-301F-11D3-BF4B-00C04F79EFBC}") = "ExamenInterfacesJuanPerezCaballero", "ExamenInterfacesJuanPerezCaballero\ExamenInterfacesJuanPerezCaballero.csproj", "{311006FB-81AF-4626-80E6-8FCDD69E0C43}"
EndProject
Global
	GlobalSection(SolutionConfigurationPlatforms) = preSolution
		Debug|Any CPU = Debug|Any CPU
		Release|Any CPU = Release|Any CPU
	EndGlobalSection
	GlobalSection(ProjectConfigurationPlatforms) = postSolution
		{311006FB-81AF-4626-80E6-8FCDD69E0C43}.Debug|Any CPU.ActiveCfg = Debug|Any CPU
		{311006FB-81AF-4626-80E6-8FCDD69E0C43}.Debug|Any CPU.Build.0 = Debug|Any CPU
		{311006FB-81AF-4626-80E6-8FCDD69E0C43}.Debug|Any CPU.Deploy.0 = Debug|Any CPU
		{311006FB-81AF-4626-80E6-8FCDD69E0C43}.Release|Any CPU.ActiveCfg = Release|Any CPU
		{311006FB-81AF-4626-80E6-8FCDD69E0C43}.Release|Any CPU.Build.0 = Release|Any CPU
		{311006FB-81AF-4626-80E6-8FCDD69E0C43}.Release|Any CPU.Deploy.0 = Release|Any CPU
	EndGlobalSection
	GlobalSection(SolutionProperties) = preSolution
		HideSolutionNode = FALSE
	EndGlobalSection
	GlobalSection(ExtensibilityGlobals) = postSolution
		SolutionGuid = {2CABF9A4-DD7A-49C9-96B4-295184F761AD}
	EndGlobalSection
EndGlobal
