
Microsoft Visual Studio Solution File, Format Version 12.00
# Visual Studio Version 17
VisualStudioVersion = 17.7.34031.279
MinimumVisualStudioVersion = 10.0.40219.1
Project("{9A19103F-16F7-4668-BE54-9A1E7A4F7556}") = "HueguitoSignalR", "HueguitoSignalR\HueguitoSignalR.csproj", "{527172F4-B7DF-4265-B9B7-DF106F59EE9A}"
EndProject
Project("{9A19103F-16F7-4668-BE54-9A1E7A4F7556}") = "Servidor", "Servidor\Servidor.csproj", "{9DD680CF-E33B-4D31-9373-2E6DC19DA785}"
EndProject
Global
	GlobalSection(SolutionConfigurationPlatforms) = preSolution
		Debug|Any CPU = Debug|Any CPU
		Release|Any CPU = Release|Any CPU
	EndGlobalSection
	GlobalSection(ProjectConfigurationPlatforms) = postSolution
		{527172F4-B7DF-4265-B9B7-DF106F59EE9A}.Debug|Any CPU.ActiveCfg = Debug|Any CPU
		{527172F4-B7DF-4265-B9B7-DF106F59EE9A}.Debug|Any CPU.Build.0 = Debug|Any CPU
		{527172F4-B7DF-4265-B9B7-DF106F59EE9A}.Debug|Any CPU.Deploy.0 = Debug|Any CPU
		{527172F4-B7DF-4265-B9B7-DF106F59EE9A}.Release|Any CPU.ActiveCfg = Release|Any CPU
		{527172F4-B7DF-4265-B9B7-DF106F59EE9A}.Release|Any CPU.Build.0 = Release|Any CPU
		{527172F4-B7DF-4265-B9B7-DF106F59EE9A}.Release|Any CPU.Deploy.0 = Release|Any CPU
		{9DD680CF-E33B-4D31-9373-2E6DC19DA785}.Debug|Any CPU.ActiveCfg = Debug|Any CPU
		{9DD680CF-E33B-4D31-9373-2E6DC19DA785}.Debug|Any CPU.Build.0 = Debug|Any CPU
		{9DD680CF-E33B-4D31-9373-2E6DC19DA785}.Release|Any CPU.ActiveCfg = Release|Any CPU
		{9DD680CF-E33B-4D31-9373-2E6DC19DA785}.Release|Any CPU.Build.0 = Release|Any CPU
	EndGlobalSection
	GlobalSection(SolutionProperties) = preSolution
		HideSolutionNode = FALSE
	EndGlobalSection
	GlobalSection(ExtensibilityGlobals) = postSolution
		SolutionGuid = {57D39E2C-482E-4B95-A2E5-2AA1B347D0F8}
	EndGlobalSection
EndGlobal
