
Microsoft Visual Studio Solution File, Format Version 12.00
# Visual Studio Version 17
VisualStudioVersion = 17.7.34031.279
MinimumVisualStudioVersion = 10.0.40219.1
Project("{9A19103F-16F7-4668-BE54-9A1E7A4F7556}") = "CapaDAL", "CapaDAL\CapaDAL.csproj", "{3C7FB219-7DA2-45A0-8321-34D8F3DCFCDD}"
EndProject
Project("{9A19103F-16F7-4668-BE54-9A1E7A4F7556}") = "CapaBL", "CapaBL\CapaBL.csproj", "{0A93E2C6-302F-4647-B1B1-CD0C5D60F4ED}"
EndProject
Project("{9A19103F-16F7-4668-BE54-9A1E7A4F7556}") = "CapaEntidades", "CapaEntidades\CapaEntidades.csproj", "{7072223E-C83D-4C34-8C47-F116BD1D7C78}"
EndProject
Project("{9A19103F-16F7-4668-BE54-9A1E7A4F7556}") = "EjTema11APIPersonas", "EjTema11APIPersonas\EjTema11APIPersonas.csproj", "{BDAA5F9A-4889-48F6-A2F6-39A06627460F}"
EndProject
Global
	GlobalSection(SolutionConfigurationPlatforms) = preSolution
		Debug|Any CPU = Debug|Any CPU
		Release|Any CPU = Release|Any CPU
	EndGlobalSection
	GlobalSection(ProjectConfigurationPlatforms) = postSolution
		{3C7FB219-7DA2-45A0-8321-34D8F3DCFCDD}.Debug|Any CPU.ActiveCfg = Debug|Any CPU
		{3C7FB219-7DA2-45A0-8321-34D8F3DCFCDD}.Debug|Any CPU.Build.0 = Debug|Any CPU
		{3C7FB219-7DA2-45A0-8321-34D8F3DCFCDD}.Release|Any CPU.ActiveCfg = Release|Any CPU
		{3C7FB219-7DA2-45A0-8321-34D8F3DCFCDD}.Release|Any CPU.Build.0 = Release|Any CPU
		{0A93E2C6-302F-4647-B1B1-CD0C5D60F4ED}.Debug|Any CPU.ActiveCfg = Debug|Any CPU
		{0A93E2C6-302F-4647-B1B1-CD0C5D60F4ED}.Debug|Any CPU.Build.0 = Debug|Any CPU
		{0A93E2C6-302F-4647-B1B1-CD0C5D60F4ED}.Release|Any CPU.ActiveCfg = Release|Any CPU
		{0A93E2C6-302F-4647-B1B1-CD0C5D60F4ED}.Release|Any CPU.Build.0 = Release|Any CPU
		{7072223E-C83D-4C34-8C47-F116BD1D7C78}.Debug|Any CPU.ActiveCfg = Debug|Any CPU
		{7072223E-C83D-4C34-8C47-F116BD1D7C78}.Debug|Any CPU.Build.0 = Debug|Any CPU
		{7072223E-C83D-4C34-8C47-F116BD1D7C78}.Release|Any CPU.ActiveCfg = Release|Any CPU
		{7072223E-C83D-4C34-8C47-F116BD1D7C78}.Release|Any CPU.Build.0 = Release|Any CPU
		{BDAA5F9A-4889-48F6-A2F6-39A06627460F}.Debug|Any CPU.ActiveCfg = Debug|Any CPU
		{BDAA5F9A-4889-48F6-A2F6-39A06627460F}.Debug|Any CPU.Build.0 = Debug|Any CPU
		{BDAA5F9A-4889-48F6-A2F6-39A06627460F}.Debug|Any CPU.Deploy.0 = Debug|Any CPU
		{BDAA5F9A-4889-48F6-A2F6-39A06627460F}.Release|Any CPU.ActiveCfg = Release|Any CPU
		{BDAA5F9A-4889-48F6-A2F6-39A06627460F}.Release|Any CPU.Build.0 = Release|Any CPU
		{BDAA5F9A-4889-48F6-A2F6-39A06627460F}.Release|Any CPU.Deploy.0 = Release|Any CPU
	EndGlobalSection
	GlobalSection(SolutionProperties) = preSolution
		HideSolutionNode = FALSE
	EndGlobalSection
	GlobalSection(ExtensibilityGlobals) = postSolution
		SolutionGuid = {0994EBAC-E816-46DC-9819-6142D4F6D00B}
	EndGlobalSection
EndGlobal
